
Microsoft Visual Studio Solution File, Format Version 12.00
# Visual Studio Version 17
VisualStudioVersion = 17.11.35222.181
MinimumVisualStudioVersion = 10.0.40219.1
Project("{8BC9CEB8-8B4A-11D0-8D11-00A0C91BC942}") = "LB6.3it", "LB6.3it.vcxproj", "{12162E35-3FFA-4C20-8059-539257B5BF01}"
EndProject
Project("{8BC9CEB8-8B4A-11D0-8D11-00A0C91BC942}") = "UnitTest6.3іт", "..\UnitTest6.3іт\UnitTest6.3іт.vcxproj", "{C0F36F84-320B-4000-B35E-D4DA45BD39EA}"
EndProject
Global
	GlobalSection(SolutionConfigurationPlatforms) = preSolution
		Debug|x64 = Debug|x64
		Debug|x86 = Debug|x86
		Release|x64 = Release|x64
		Release|x86 = Release|x86
	EndGlobalSection
	GlobalSection(ProjectConfigurationPlatforms) = postSolution
		{12162E35-3FFA-4C20-8059-539257B5BF01}.Debug|x64.ActiveCfg = Debug|x64
		{12162E35-3FFA-4C20-8059-539257B5BF01}.Debug|x64.Build.0 = Debug|x64
		{12162E35-3FFA-4C20-8059-539257B5BF01}.Debug|x86.ActiveCfg = Debug|Win32
		{12162E35-3FFA-4C20-8059-539257B5BF01}.Debug|x86.Build.0 = Debug|Win32
		{12162E35-3FFA-4C20-8059-539257B5BF01}.Release|x64.ActiveCfg = Release|x64
		{12162E35-3FFA-4C20-8059-539257B5BF01}.Release|x64.Build.0 = Release|x64
		{12162E35-3FFA-4C20-8059-539257B5BF01}.Release|x86.ActiveCfg = Release|Win32
		{12162E35-3FFA-4C20-8059-539257B5BF01}.Release|x86.Build.0 = Release|Win32
		{C0F36F84-320B-4000-B35E-D4DA45BD39EA}.Debug|x64.ActiveCfg = Debug|x64
		{C0F36F84-320B-4000-B35E-D4DA45BD39EA}.Debug|x64.Build.0 = Debug|x64
		{C0F36F84-320B-4000-B35E-D4DA45BD39EA}.Debug|x86.ActiveCfg = Debug|Win32
		{C0F36F84-320B-4000-B35E-D4DA45BD39EA}.Debug|x86.Build.0 = Debug|Win32
		{C0F36F84-320B-4000-B35E-D4DA45BD39EA}.Release|x64.ActiveCfg = Release|x64
		{C0F36F84-320B-4000-B35E-D4DA45BD39EA}.Release|x64.Build.0 = Release|x64
		{C0F36F84-320B-4000-B35E-D4DA45BD39EA}.Release|x86.ActiveCfg = Release|Win32
		{C0F36F84-320B-4000-B35E-D4DA45BD39EA}.Release|x86.Build.0 = Release|Win32
	EndGlobalSection
	GlobalSection(SolutionProperties) = preSolution
		HideSolutionNode = FALSE
	EndGlobalSection
	GlobalSection(ExtensibilityGlobals) = postSolution
		SolutionGuid = {F41ECF33-E152-4661-BF64-C9EA48D3C3EE}
	EndGlobalSection
EndGlobal
